
Microsoft Visual Studio Solution File, Format Version 12.00
# Visual Studio 15
VisualStudioVersion = 15.0.27130.2024
MinimumVisualStudioVersion = 10.0.40219.1
Project("{F184B08F-C81C-45F6-A57F-5ABD9991F28F}") = "WindowsApp6", "WindowsApp6.vbproj", "{7F34414A-B73A-4B8B-B994-360D720FEDD9}"
EndProject
Global
	GlobalSection(SolutionConfigurationPlatforms) = preSolution
		Debug|Any CPU = Debug|Any CPU
		Release|Any CPU = Release|Any CPU
	EndGlobalSection
	GlobalSection(ProjectConfigurationPlatforms) = postSolution
		{7F34414A-B73A-4B8B-B994-360D720FEDD9}.Debug|Any CPU.ActiveCfg = Debug|Any CPU
		{7F34414A-B73A-4B8B-B994-360D720FEDD9}.Debug|Any CPU.Build.0 = Debug|Any CPU
		{7F34414A-B73A-4B8B-B994-360D720FEDD9}.Release|Any CPU.ActiveCfg = Release|Any CPU
		{7F34414A-B73A-4B8B-B994-360D720FEDD9}.Release|Any CPU.Build.0 = Release|Any CPU
	EndGlobalSection
	GlobalSection(SolutionProperties) = preSolution
		HideSolutionNode = FALSE
	EndGlobalSection
	GlobalSection(ExtensibilityGlobals) = postSolution
		SolutionGuid = {BC4C1194-AA58-492D-82C7-376DE15323A9}
	EndGlobalSection
EndGlobal
